
Microsoft Visual Studio Solution File, Format Version 12.00
# Visual Studio 15
VisualStudioVersion = 15.0.28307.271
MinimumVisualStudioVersion = 10.0.40219.1
Project("{2150E333-8FDC-42A3-9474-1A3956D46DE8}") = "Library", "Library", "{D27F180F-D9ED-4474-963C-CB8DE82C7078}"
EndProject
Project("{2150E333-8FDC-42A3-9474-1A3956D46DE8}") = "App", "App", "{470A5537-A24F-47E8-B59D-DCB67148D525}"
EndProject
Project("{2150E333-8FDC-42A3-9474-1A3956D46DE8}") = "Core", "Core", "{B9A16512-0E9A-467E-9FF1-787161EC642F}"
EndProject
Project("{FAE04EC0-301F-11D3-BF4B-00C04F79EFBC}") = "sc.data", "sc.data\sc.data.csproj", "{24DEC9D2-5ED2-4DED-80F9-286A6A472537}"
EndProject
Project("{FAE04EC0-301F-11D3-BF4B-00C04F79EFBC}") = "sc.UserManagement", "sc.UserManagement\sc.UserManagement.csproj", "{3817A3EC-EF06-4603-A6B7-ACDE1314AA0E}"
EndProject
Project("{FAE04EC0-301F-11D3-BF4B-00C04F79EFBC}") = "sc.smtp", "sc.smtp\sc.smtp.csproj", "{62062700-A85D-4EBA-85B8-EF4AFA9A49C8}"
EndProject
Project("{FAE04EC0-301F-11D3-BF4B-00C04F79EFBC}") = "sc.web", "sc.web\sc.web.csproj", "{E9906DE6-DAAB-40B7-8E2B-9336DD680835}"
EndProject
Project("{FAE04EC0-301F-11D3-BF4B-00C04F79EFBC}") = "sc.import", "sc.import\sc.import.csproj", "{32C5BC22-08FC-408C-9E86-8148F27D7F88}"
EndProject
Project("{FAE04EC0-301F-11D3-BF4B-00C04F79EFBC}") = "sc.MessageGroup", "sc.MessageGroup\sc.MessageGroup.csproj", "{98544848-5987-4B23-9113-FB42F0D89332}"
EndProject
Project("{FAE04EC0-301F-11D3-BF4B-00C04F79EFBC}") = "sc.Person", "sc.Person\sc.Person.csproj", "{5B75041E-0B1D-4183-A29B-553B1CFF59BC}"
EndProject
Project("{FAE04EC0-301F-11D3-BF4B-00C04F79EFBC}") = "sc.Portal", "sc.Portal\sc.Portal.csproj", "{BE93FE32-6D61-468C-A1CA-9C2391704759}"
EndProject
Project("{FAE04EC0-301F-11D3-BF4B-00C04F79EFBC}") = "sc.MessageTemplate", "sc.MessageTemplate\sc.MessageTemplate.csproj", "{AEE30F83-0EC7-457B-BDBD-84E999002980}"
EndProject
Project("{FAE04EC0-301F-11D3-BF4B-00C04F79EFBC}") = "sc.RoleManagement", "sc.RoleManagement\sc.RoleManagement.csproj", "{03D27FF2-2D9C-410F-834F-38E30EB712A6}"
EndProject
Global
	GlobalSection(SolutionConfigurationPlatforms) = preSolution
		Debug|Any CPU = Debug|Any CPU
		Release|Any CPU = Release|Any CPU
	EndGlobalSection
	GlobalSection(ProjectConfigurationPlatforms) = postSolution
		{24DEC9D2-5ED2-4DED-80F9-286A6A472537}.Debug|Any CPU.ActiveCfg = Debug|Any CPU
		{24DEC9D2-5ED2-4DED-80F9-286A6A472537}.Debug|Any CPU.Build.0 = Debug|Any CPU
		{24DEC9D2-5ED2-4DED-80F9-286A6A472537}.Release|Any CPU.ActiveCfg = Release|Any CPU
		{24DEC9D2-5ED2-4DED-80F9-286A6A472537}.Release|Any CPU.Build.0 = Release|Any CPU
		{3817A3EC-EF06-4603-A6B7-ACDE1314AA0E}.Debug|Any CPU.ActiveCfg = Debug|Any CPU
		{3817A3EC-EF06-4603-A6B7-ACDE1314AA0E}.Debug|Any CPU.Build.0 = Debug|Any CPU
		{3817A3EC-EF06-4603-A6B7-ACDE1314AA0E}.Release|Any CPU.ActiveCfg = Release|Any CPU
		{3817A3EC-EF06-4603-A6B7-ACDE1314AA0E}.Release|Any CPU.Build.0 = Release|Any CPU
		{62062700-A85D-4EBA-85B8-EF4AFA9A49C8}.Debug|Any CPU.ActiveCfg = Debug|Any CPU
		{62062700-A85D-4EBA-85B8-EF4AFA9A49C8}.Debug|Any CPU.Build.0 = Debug|Any CPU
		{62062700-A85D-4EBA-85B8-EF4AFA9A49C8}.Release|Any CPU.ActiveCfg = Release|Any CPU
		{62062700-A85D-4EBA-85B8-EF4AFA9A49C8}.Release|Any CPU.Build.0 = Release|Any CPU
		{E9906DE6-DAAB-40B7-8E2B-9336DD680835}.Debug|Any CPU.ActiveCfg = Debug|Any CPU
		{E9906DE6-DAAB-40B7-8E2B-9336DD680835}.Debug|Any CPU.Build.0 = Debug|Any CPU
		{E9906DE6-DAAB-40B7-8E2B-9336DD680835}.Release|Any CPU.ActiveCfg = Release|Any CPU
		{E9906DE6-DAAB-40B7-8E2B-9336DD680835}.Release|Any CPU.Build.0 = Release|Any CPU
		{32C5BC22-08FC-408C-9E86-8148F27D7F88}.Debug|Any CPU.ActiveCfg = Debug|Any CPU
		{32C5BC22-08FC-408C-9E86-8148F27D7F88}.Debug|Any CPU.Build.0 = Debug|Any CPU
		{32C5BC22-08FC-408C-9E86-8148F27D7F88}.Release|Any CPU.ActiveCfg = Release|Any CPU
		{32C5BC22-08FC-408C-9E86-8148F27D7F88}.Release|Any CPU.Build.0 = Release|Any CPU
		{98544848-5987-4B23-9113-FB42F0D89332}.Debug|Any CPU.ActiveCfg = Debug|Any CPU
		{98544848-5987-4B23-9113-FB42F0D89332}.Debug|Any CPU.Build.0 = Debug|Any CPU
		{98544848-5987-4B23-9113-FB42F0D89332}.Release|Any CPU.ActiveCfg = Release|Any CPU
		{98544848-5987-4B23-9113-FB42F0D89332}.Release|Any CPU.Build.0 = Release|Any CPU
		{5B75041E-0B1D-4183-A29B-553B1CFF59BC}.Debug|Any CPU.ActiveCfg = Debug|Any CPU
		{5B75041E-0B1D-4183-A29B-553B1CFF59BC}.Debug|Any CPU.Build.0 = Debug|Any CPU
		{5B75041E-0B1D-4183-A29B-553B1CFF59BC}.Release|Any CPU.ActiveCfg = Release|Any CPU
		{5B75041E-0B1D-4183-A29B-553B1CFF59BC}.Release|Any CPU.Build.0 = Release|Any CPU
		{BE93FE32-6D61-468C-A1CA-9C2391704759}.Debug|Any CPU.ActiveCfg = Debug|Any CPU
		{BE93FE32-6D61-468C-A1CA-9C2391704759}.Debug|Any CPU.Build.0 = Debug|Any CPU
		{BE93FE32-6D61-468C-A1CA-9C2391704759}.Release|Any CPU.ActiveCfg = Release|Any CPU
		{BE93FE32-6D61-468C-A1CA-9C2391704759}.Release|Any CPU.Build.0 = Release|Any CPU
		{AEE30F83-0EC7-457B-BDBD-84E999002980}.Debug|Any CPU.ActiveCfg = Debug|Any CPU
		{AEE30F83-0EC7-457B-BDBD-84E999002980}.Debug|Any CPU.Build.0 = Debug|Any CPU
		{AEE30F83-0EC7-457B-BDBD-84E999002980}.Release|Any CPU.ActiveCfg = Release|Any CPU
		{AEE30F83-0EC7-457B-BDBD-84E999002980}.Release|Any CPU.Build.0 = Release|Any CPU
		{03D27FF2-2D9C-410F-834F-38E30EB712A6}.Debug|Any CPU.ActiveCfg = Debug|Any CPU
		{03D27FF2-2D9C-410F-834F-38E30EB712A6}.Debug|Any CPU.Build.0 = Debug|Any CPU
		{03D27FF2-2D9C-410F-834F-38E30EB712A6}.Release|Any CPU.ActiveCfg = Release|Any CPU
		{03D27FF2-2D9C-410F-834F-38E30EB712A6}.Release|Any CPU.Build.0 = Release|Any CPU
	EndGlobalSection
	GlobalSection(SolutionProperties) = preSolution
		HideSolutionNode = FALSE
	EndGlobalSection
	GlobalSection(NestedProjects) = preSolution
		{470A5537-A24F-47E8-B59D-DCB67148D525} = {D27F180F-D9ED-4474-963C-CB8DE82C7078}
		{B9A16512-0E9A-467E-9FF1-787161EC642F} = {D27F180F-D9ED-4474-963C-CB8DE82C7078}
		{24DEC9D2-5ED2-4DED-80F9-286A6A472537} = {B9A16512-0E9A-467E-9FF1-787161EC642F}
		{3817A3EC-EF06-4603-A6B7-ACDE1314AA0E} = {470A5537-A24F-47E8-B59D-DCB67148D525}
		{62062700-A85D-4EBA-85B8-EF4AFA9A49C8} = {470A5537-A24F-47E8-B59D-DCB67148D525}
		{32C5BC22-08FC-408C-9E86-8148F27D7F88} = {B9A16512-0E9A-467E-9FF1-787161EC642F}
		{98544848-5987-4B23-9113-FB42F0D89332} = {470A5537-A24F-47E8-B59D-DCB67148D525}
		{5B75041E-0B1D-4183-A29B-553B1CFF59BC} = {470A5537-A24F-47E8-B59D-DCB67148D525}
		{BE93FE32-6D61-468C-A1CA-9C2391704759} = {470A5537-A24F-47E8-B59D-DCB67148D525}
		{AEE30F83-0EC7-457B-BDBD-84E999002980} = {470A5537-A24F-47E8-B59D-DCB67148D525}
		{03D27FF2-2D9C-410F-834F-38E30EB712A6} = {470A5537-A24F-47E8-B59D-DCB67148D525}
	EndGlobalSection
	GlobalSection(ExtensibilityGlobals) = postSolution
		SolutionGuid = {1AA158B5-B22B-4F61-A7EC-51A2E2D31035}
	EndGlobalSection
EndGlobal
